
Microsoft Visual Studio Solution File, Format Version 12.00
# Visual Studio Version 17
VisualStudioVersion = 17.14.36518.9 d17.14
MinimumVisualStudioVersion = 10.0.40219.1
Project("{FAE04EC0-301F-11D3-BF4B-00C04F79EFBC}") = "LINQ Practice", "LINQ Practice\LINQ Practice.csproj", "{416B0BE7-AA8D-4AF0-838D-B7019A1D3CE7}"
EndProject
Global
	GlobalSection(SolutionConfigurationPlatforms) = preSolution
		Debug|Any CPU = Debug|Any CPU
		Release|Any CPU = Release|Any CPU
	EndGlobalSection
	GlobalSection(ProjectConfigurationPlatforms) = postSolution
		{416B0BE7-AA8D-4AF0-838D-B7019A1D3CE7}.Debug|Any CPU.ActiveCfg = Debug|Any CPU
		{416B0BE7-AA8D-4AF0-838D-B7019A1D3CE7}.Debug|Any CPU.Build.0 = Debug|Any CPU
		{416B0BE7-AA8D-4AF0-838D-B7019A1D3CE7}.Release|Any CPU.ActiveCfg = Release|Any CPU
		{416B0BE7-AA8D-4AF0-838D-B7019A1D3CE7}.Release|Any CPU.Build.0 = Release|Any CPU
	EndGlobalSection
	GlobalSection(SolutionProperties) = preSolution
		HideSolutionNode = FALSE
	EndGlobalSection
	GlobalSection(ExtensibilityGlobals) = postSolution
		SolutionGuid = {2F6D5D7F-2037-4EF3-A359-76DA36D93AE8}
	EndGlobalSection
EndGlobal
